// !$*UTF8*$!
{
	archiveVersion = 1;
	classes = {
	};
	objectVersion = 50;
	objects = {

/* Begin PBXBuildFile section */
		633A07E725F1312F001CFFFF /* AppDelegate.swift in Sources */ = {isa = PBXBuildFile; fileRef = 633A07E625F1312F001CFFFF /* AppDelegate.swift */; };
		633A07E925F1312F001CFFFF /* SceneDelegate.swift in Sources */ = {isa = PBXBuildFile; fileRef = 633A07E825F1312F001CFFFF /* SceneDelegate.swift */; };
		633A07EB25F1312F001CFFFF /* ViewController.swift in Sources */ = {isa = PBXBuildFile; fileRef = 633A07EA25F1312F001CFFFF /* ViewController.swift */; };
		633A07EE25F1312F001CFFFF /* Main.storyboard in Resources */ = {isa = PBXBuildFile; fileRef = 633A07EC25F1312F001CFFFF /* Main.storyboard */; };
		633A07F125F1312F001CFFFF /* DodoTestApp.xcdatamodeld in Sources */ = {isa = PBXBuildFile; fileRef = 633A07EF25F1312F001CFFFF /* DodoTestApp.xcdatamodeld */; };
		633A07F325F13130001CFFFF /* Assets.xcassets in Resources */ = {isa = PBXBuildFile; fileRef = 633A07F225F13130001CFFFF /* Assets.xcassets */; };
		633A07F625F13130001CFFFF /* LaunchScreen.storyboard in Resources */ = {isa = PBXBuildFile; fileRef = 633A07F425F13130001CFFFF /* LaunchScreen.storyboard */; };
		ACBBA0F57DA675B208F0385C /* Pods_DodoTestApp.framework in Frameworks */ = {isa = PBXBuildFile; fileRef = 2A82D6BEADEF7B0D67CB083F /* Pods_DodoTestApp.framework */; };
/* End PBXBuildFile section */

/* Begin PBXFileReference section */
		26BCEEFD4767C3E8EC328A93 /* Pods-DodoTestApp.release.xcconfig */ = {isa = PBXFileReference; includeInIndex = 1; lastKnownFileType = text.xcconfig; name = "Pods-DodoTestApp.release.xcconfig"; path = "Target Support Files/Pods-DodoTestApp/Pods-DodoTestApp.release.xcconfig"; sourceTree = "<group>"; };
		2A82D6BEADEF7B0D67CB083F /* Pods_DodoTestApp.framework */ = {isa = PBXFileReference; explicitFileType = wrapper.framework; includeInIndex = 0; path = Pods_DodoTestApp.framework; sourceTree = BUILT_PRODUCTS_DIR; };
		3C93DA377289370EE8175A4C /* Pods-DodoTestApp.debug.xcconfig */ = {isa = PBXFileReference; includeInIndex = 1; lastKnownFileType = text.xcconfig; name = "Pods-DodoTestApp.debug.xcconfig"; path = "Target Support Files/Pods-DodoTestApp/Pods-DodoTestApp.debug.xcconfig"; sourceTree = "<group>"; };
		633A07E325F1312F001CFFFF /* DodoTestApp.app */ = {isa = PBXFileReference; explicitFileType = wrapper.application; includeInIndex = 0; path = DodoTestApp.app; sourceTree = BUILT_PRODUCTS_DIR; };
		633A07E625F1312F001CFFFF /* AppDelegate.swift */ = {isa = PBXFileReference; lastKnownFileType = sourcecode.swift; path = AppDelegate.swift; sourceTree = "<group>"; };
		633A07E825F1312F001CFFFF /* SceneDelegate.swift */ = {isa = PBXFileReference; lastKnownFileType = sourcecode.swift; path = SceneDelegate.swift; sourceTree = "<group>"; };
		633A07EA25F1312F001CFFFF /* ViewController.swift */ = {isa = PBXFileReference; lastKnownFileType = sourcecode.swift; path = ViewController.swift; sourceTree = "<group>"; };
		633A07ED25F1312F001CFFFF /* Base */ = {isa = PBXFileReference; lastKnownFileType = file.storyboard; name = Base; path = Base.lproj/Main.storyboard; sourceTree = "<group>"; };
		633A07F025F1312F001CFFFF /* DodoTestApp.xcdatamodel */ = {isa = PBXFileReference; lastKnownFileType = wrapper.xcdatamodel; path = DodoTestApp.xcdatamodel; sourceTree = "<group>"; };
		633A07F225F13130001CFFFF /* Assets.xcassets */ = {isa = PBXFileReference; lastKnownFileType = folder.assetcatalog; path = Assets.xcassets; sourceTree = "<group>"; };
		633A07F525F13130001CFFFF /* Base */ = {isa = PBXFileReference; lastKnownFileType = file.storyboard; name = Base; path = Base.lproj/LaunchScreen.storyboard; sourceTree = "<group>"; };
		633A07F725F13130001CFFFF /* Info.plist */ = {isa = PBXFileReference; lastKnownFileType = text.plist.xml; path = Info.plist; sourceTree = "<group>"; };
/* End PBXFileReference section */

/* Begin PBXFrameworksBuildPhase section */
		633A07E025F1312F001CFFFF /* Frameworks */ = {
			isa = PBXFrameworksBuildPhase;
			buildActionMask = 2147483647;
			files = (
				ACBBA0F57DA675B208F0385C /* Pods_DodoTestApp.framework in Frameworks */,
			);
			runOnlyForDeploymentPostprocessing = 0;
		};
/* End PBXFrameworksBuildPhase section */

/* Begin PBXGroup section */
		35FFD302670CBBDF4699C2BA /* Pods */ = {
			isa = PBXGroup;
			children = (
				3C93DA377289370EE8175A4C /* Pods-DodoTestApp.debug.xcconfig */,
				26BCEEFD4767C3E8EC328A93 /* Pods-DodoTestApp.release.xcconfig */,
			);
			name = Pods;
			path = Pods;
			sourceTree = "<group>";
		};
		633A07DA25F1312F001CFFFF = {
			isa = PBXGroup;
			children = (
				633A07E525F1312F001CFFFF /* DodoTestApp */,
				633A07E425F1312F001CFFFF /* Products */,
				35FFD302670CBBDF4699C2BA /* Pods */,
				FBF953F3C8B037CF6728D2BB /* Frameworks */,
			);
			sourceTree = "<group>";
		};
		633A07E425F1312F001CFFFF /* Products */ = {
			isa = PBXGroup;
			children = (
				633A07E325F1312F001CFFFF /* DodoTestApp.app */,
			);
			name = Products;
			sourceTree = "<group>";
		};
		633A07E525F1312F001CFFFF /* DodoTestApp */ = {
			isa = PBXGroup;
			children = (
				633A07E625F1312F001CFFFF /* AppDelegate.swift */,
				633A07E825F1312F001CFFFF /* SceneDelegate.swift */,
				633A07EA25F1312F001CFFFF /* ViewController.swift */,
				633A07EC25F1312F001CFFFF /* Main.storyboard */,
				633A07F225F13130001CFFFF /* Assets.xcassets */,
				633A07F425F13130001CFFFF /* LaunchScreen.storyboard */,
				633A07F725F13130001CFFFF /* Info.plist */,
				633A07EF25F1312F001CFFFF /* DodoTestApp.xcdatamodeld */,
			);
			path = DodoTestApp;
			sourceTree = "<group>";
		};
		FBF953F3C8B037CF6728D2BB /* Frameworks */ = {
			isa = PBXGroup;
			children = (
				2A82D6BEADEF7B0D67CB083F /* Pods_DodoTestApp.framework */,
			);
			name = Frameworks;
			sourceTree = "<group>";
		};
/* End PBXGroup section */

/* Begin PBXNativeTarget section */
		633A07E225F1312F001CFFFF /* DodoTestApp */ = {
			isa = PBXNativeTarget;
			buildConfigurationList = 633A07FA25F13130001CFFFF /* Build configuration list for PBXNativeTarget "DodoTestApp" */;
			buildPhases = (
				074F618460BD8BE1ECDE2E28 /* [CP] Check Pods Manifest.lock */,
				633A07DF25F1312F001CFFFF /* Sources */,
				633A07E025F1312F001CFFFF /* Frameworks */,
				633A07E125F1312F001CFFFF /* Resources */,
				1284C3087E1C533B54794D8A /* [CP] Embed Pods Frameworks */,
			);
			buildRules = (
			);
			dependencies = (
			);
			name = DodoTestApp;
			productName = DodoTestApp;
			productReference = 633A07E325F1312F001CFFFF /* DodoTestApp.app */;
			productType = "com.apple.product-type.application";
		};
/* End PBXNativeTarget section */

/* Begin PBXProject section */
		633A07DB25F1312F001CFFFF /* Project object */ = {
			isa = PBXProject;
			attributes = {
				LastSwiftUpdateCheck = 1240;
				LastUpgradeCheck = 1240;
				TargetAttributes = {
					633A07E225F1312F001CFFFF = {
						CreatedOnToolsVersion = 12.4;
					};
				};
			};
			buildConfigurationList = 633A07DE25F1312F001CFFFF /* Build configuration list for PBXProject "DodoTestApp" */;
			compatibilityVersion = "Xcode 9.3";
			developmentRegion = en;
			hasScannedForEncodings = 0;
			knownRegions = (
				en,
				Base,
			);
			mainGroup = 633A07DA25F1312F001CFFFF;
			productRefGroup = 633A07E425F1312F001CFFFF /* Products */;
			projectDirPath = "";
			projectRoot = "";
			targets = (
				633A07E225F1312F001CFFFF /* DodoTestApp */,
			);
		};
/* End PBXProject section */

/* Begin PBXResourcesBuildPhase section */
		633A07E125F1312F001CFFFF /* Resources */ = {
			isa = PBXResourcesBuildPhase;
			buildActionMask = 2147483647;
			files = (
				633A07F625F13130001CFFFF /* LaunchScreen.storyboard in Resources */,
				633A07F325F13130001CFFFF /* Assets.xcassets in Resources */,
				633A07EE25F1312F001CFFFF /* Main.storyboard in Resources */,
			);
			runOnlyForDeploymentPostprocessing = 0;
		};
/* End PBXResourcesBuildPhase section */

/* Begin PBXShellScriptBuildPhase section */
		074F618460BD8BE1ECDE2E28 /* [CP] Check Pods Manifest.lock */ = {
			isa = PBXShellScriptBuildPhase;
			buildActionMask = 2147483647;
			files = (
			);
			inputFileListPaths = (
			);
			inputPaths = (
				"${PODS_PODFILE_DIR_PATH}/Podfile.lock",
				"${PODS_ROOT}/Manifest.lock",
			);
			name = "[CP] Check Pods Manifest.lock";
			outputFileListPaths = (
			);
			outputPaths = (
				"$(DERIVED_FILE_DIR)/Pods-DodoTestApp-checkManifestLockResult.txt",
			);
			runOnlyForDeploymentPostprocessing = 0;
			shellPath = /bin/sh;
			shellScript = "diff \"${PODS_PODFILE_DIR_PATH}/Podfile.lock\" \"${PODS_ROOT}/Manifest.lock\" > /dev/null\nif [ $? != 0 ] ; then\n    # print error to STDERR\n    echo \"error: The sandbox is not in sync with the Podfile.lock. Run 'pod install' or update your CocoaPods installation.\" >&2\n    exit 1\nfi\n# This output is used by Xcode 'outputs' to avoid re-running this script phase.\necho \"SUCCESS\" > \"${SCRIPT_OUTPUT_FILE_0}\"\n";
			showEnvVarsInLog = 0;
		};
		1284C3087E1C533B54794D8A /* [CP] Embed Pods Frameworks */ = {
			isa = PBXShellScriptBuildPhase;
			buildActionMask = 2147483647;
			files = (
			);
			inputFileListPaths = (
				"${PODS_ROOT}/Target Support Files/Pods-DodoTestApp/Pods-DodoTestApp-frameworks-${CONFIGURATION}-input-files.xcfilelist",
			);
			name = "[CP] Embed Pods Frameworks";
			outputFileListPaths = (
				"${PODS_ROOT}/Target Support Files/Pods-DodoTestApp/Pods-DodoTestApp-frameworks-${CONFIGURATION}-output-files.xcfilelist",
			);
			runOnlyForDeploymentPostprocessing = 0;
			shellPath = /bin/sh;
			shellScript = "\"${PODS_ROOT}/Target Support Files/Pods-DodoTestApp/Pods-DodoTestApp-frameworks.sh\"\n";
			showEnvVarsInLog = 0;
		};
/* End PBXShellScriptBuildPhase section */

/* Begin PBXSourcesBuildPhase section */
		633A07DF25F1312F001CFFFF /* Sources */ = {
			isa = PBXSourcesBuildPhase;
			buildActionMask = 2147483647;
			files = (
				633A07EB25F1312F001CFFFF /* ViewController.swift in Sources */,
				633A07E725F1312F001CFFFF /* AppDelegate.swift in Sources */,
				633A07E925F1312F001CFFFF /* SceneDelegate.swift in Sources */,
				633A07F125F1312F001CFFFF /* DodoTestApp.xcdatamodeld in Sources */,
			);
			runOnlyForDeploymentPostprocessing = 0;
		};
/* End PBXSourcesBuildPhase section */

/* Begin PBXVariantGroup section */
		633A07EC25F1312F001CFFFF /* Main.storyboard */ = {
			isa = PBXVariantGroup;
			children = (
				633A07ED25F1312F001CFFFF /* Base */,
			);
			name = Main.storyboard;
			sourceTree = "<group>";
		};
		633A07F425F13130001CFFFF /* LaunchScreen.storyboard */ = {
			isa = PBXVariantGroup;
			children = (
				633A07F525F13130001CFFFF /* Base */,
			);
			name = LaunchScreen.storyboard;
			sourceTree = "<group>";
		};
/* End PBXVariantGroup section */

/* Begin XCBuildConfiguration section */
		633A07F825F13130001CFFFF /* Debug */ = {
			isa = XCBuildConfiguration;
			buildSettings = {
				ALWAYS_SEARCH_USER_PATHS = NO;
				CLANG_ANALYZER_NONNULL = YES;
				CLANG_ANALYZER_NUMBER_OBJECT_CONVERSION = YES_AGGRESSIVE;
				CLANG_CXX_LANGUAGE_STANDARD = "gnu++14";
				CLANG_CXX_LIBRARY = "libc++";
				CLANG_ENABLE_MODULES = YES;
				CLANG_ENABLE_OBJC_ARC = YES;
				CLANG_ENABLE_OBJC_WEAK = YES;
				CLANG_WARN_BLOCK_CAPTURE_AUTORELEASING = YES;
				CLANG_WARN_BOOL_CONVERSION = YES;
				CLANG_WARN_COMMA = YES;
				CLANG_WARN_CONSTANT_CONVERSION = YES;
				CLANG_WARN_DEPRECATED_OBJC_IMPLEMENTATIONS = YES;
				CLANG_WARN_DIRECT_OBJC_ISA_USAGE = YES_ERROR;
				CLANG_WARN_DOCUMENTATION_COMMENTS = YES;
				CLANG_WARN_EMPTY_BODY = YES;
				CLANG_WARN_ENUM_CONVERSION = YES;
				CLANG_WARN_INFINITE_RECURSION = YES;
				CLANG_WARN_INT_CONVERSION = YES;
				CLANG_WARN_NON_LITERAL_NULL_CONVERSION = YES;
				CLANG_WARN_OBJC_IMPLICIT_RETAIN_SELF = YES;
				CLANG_WARN_OBJC_LITERAL_CONVERSION = YES;
				CLANG_WARN_OBJC_ROOT_CLASS = YES_ERROR;
				CLANG_WARN_QUOTED_INCLUDE_IN_FRAMEWORK_HEADER = YES;
				CLANG_WARN_RANGE_LOOP_ANALYSIS = YES;
				CLANG_WARN_STRICT_PROTOTYPES = YES;
				CLANG_WARN_SUSPICIOUS_MOVE = YES;
				CLANG_WARN_UNGUARDED_AVAILABILITY = YES_AGGRESSIVE;
				CLANG_WARN_UNREACHABLE_CODE = YES;
				CLANG_WARN__DUPLICATE_METHOD_MATCH = YES;
				COPY_PHASE_STRIP = NO;
				DEBUG_INFORMATION_FORMAT = dwarf;
				ENABLE_STRICT_OBJC_MSGSEND = YES;
				ENABLE_TESTABILITY = YES;
				GCC_C_LANGUAGE_STANDARD = gnu11;
				GCC_DYNAMIC_NO_PIC = NO;
				GCC_NO_COMMON_BLOCKS = YES;
				GCC_OPTIMIZATION_LEVEL = 0;
				GCC_PREPROCESSOR_DEFINITIONS = (
					"DEBUG=1",
					"$(inherited)",
				);
				GCC_WARN_64_TO_32_BIT_CONVERSION = YES;
				GCC_WARN_ABOUT_RETURN_TYPE = YES_ERROR;
				GCC_WARN_UNDECLARED_SELECTOR = YES;
				GCC_WARN_UNINITIALIZED_AUTOS = YES_AGGRESSIVE;
				GCC_WARN_UNUSED_FUNCTION = YES;
				GCC_WARN_UNUSED_VARIABLE = YES;
				IPHONEOS_DEPLOYMENT_TARGET = 14.4;
				MTL_ENABLE_DEBUG_INFO = INCLUDE_SOURCE;
				MTL_FAST_MATH = YES;
				ONLY_ACTIVE_ARCH = YES;
				SDKROOT = iphoneos;
				SWIFT_ACTIVE_COMPILATION_CONDITIONS = DEBUG;
				SWIFT_OPTIMIZATION_LEVEL = "-Onone";
			};
			name = Debug;
		};
		633A07F925F13130001CFFFF /* Release */ = {
			isa = XCBuildConfiguration;
			buildSettings = {
				ALWAYS_SEARCH_USER_PATHS = NO;
				CLANG_ANALYZER_NONNULL = YES;
				CLANG_ANALYZER_NUMBER_OBJECT_CONVERSION = YES_AGGRESSIVE;
				CLANG_CXX_LANGUAGE_STANDARD = "gnu++14";
				CLANG_CXX_LIBRARY = "libc++";
				CLANG_ENABLE_MODULES = YES;
				CLANG_ENABLE_OBJC_ARC = YES;
				CLANG_ENABLE_OBJC_WEAK = YES;
				CLANG_WARN_BLOCK_CAPTURE_AUTORELEASING = YES;
				CLANG_WARN_BOOL_CONVERSION = YES;
				CLANG_WARN_COMMA = YES;
				CLANG_WARN_CONSTANT_CONVERSION = YES;
				CLANG_WARN_DEPRECATED_OBJC_IMPLEMENTATIONS = YES;
				CLANG_WARN_DIRECT_OBJC_ISA_USAGE = YES_ERROR;
				CLANG_WARN_DOCUMENTATION_COMMENTS = YES;
				CLANG_WARN_EMPTY_BODY = YES;
				CLANG_WARN_ENUM_CONVERSION = YES;
				CLANG_WARN_INFINITE_RECURSION = YES;
				CLANG_WARN_INT_CONVERSION = YES;
				CLANG_WARN_NON_LITERAL_NULL_CONVERSION = YES;
				CLANG_WARN_OBJC_IMPLICIT_RETAIN_SELF = YES;
				CLANG_WARN_OBJC_LITERAL_CONVERSION = YES;
				CLANG_WARN_OBJC_ROOT_CLASS = YES_ERROR;
				CLANG_WARN_QUOTED_INCLUDE_IN_FRAMEWORK_HEADER = YES;
				CLANG_WARN_RANGE_LOOP_ANALYSIS = YES;
				CLANG_WARN_STRICT_PROTOTYPES = YES;
				CLANG_WARN_SUSPICIOUS_MOVE = YES;
				CLANG_WARN_UNGUARDED_AVAILABILITY = YES_AGGRESSIVE;
				CLANG_WARN_UNREACHABLE_CODE = YES;
				CLANG_WARN__DUPLICATE_METHOD_MATCH = YES;
				COPY_PHASE_STRIP = NO;
				DEBUG_INFORMATION_FORMAT = "dwarf-with-dsym";
				ENABLE_NS_ASSERTIONS = NO;
				ENABLE_STRICT_OBJC_MSGSEND = YES;
				GCC_C_LANGUAGE_STANDARD = gnu11;
				GCC_NO_COMMON_BLOCKS = YES;
				GCC_WARN_64_TO_32_BIT_CONVERSION = YES;
				GCC_WARN_ABOUT_RETURN_TYPE = YES_ERROR;
				GCC_WARN_UNDECLARED_SELECTOR = YES;
				GCC_WARN_UNINITIALIZED_AUTOS = YES_AGGRESSIVE;
				GCC_WARN_UNUSED_FUNCTION = YES;
				GCC_WARN_UNUSED_VARIABLE = YES;
				IPHONEOS_DEPLOYMENT_TARGET = 14.4;
				MTL_ENABLE_DEBUG_INFO = NO;
				MTL_FAST_MATH = YES;
				SDKROOT = iphoneos;
				SWIFT_COMPILATION_MODE = wholemodule;
				SWIFT_OPTIMIZATION_LEVEL = "-O";
				VALIDATE_PRODUCT = YES;
			};
			name = Release;
		};
		633A07FB25F13130001CFFFF /* Debug */ = {
			isa = XCBuildConfiguration;
			baseConfigurationReference = 3C93DA377289370EE8175A4C /* Pods-DodoTestApp.debug.xcconfig */;
			buildSettings = {
				ASSETCATALOG_COMPILER_APPICON_NAME = AppIcon;
				ASSETCATALOG_COMPILER_GLOBAL_ACCENT_COLOR_NAME = AccentColor;
				CODE_SIGN_STYLE = Automatic;
				DEVELOPMENT_TEAM = 5AN79CFNZ7;
				INFOPLIST_FILE = DodoTestApp/Info.plist;
				LD_RUNPATH_SEARCH_PATHS = (
					"$(inherited)",
					"@executable_path/Frameworks",
				);
				PRODUCT_BUNDLE_IDENTIFIER = kirill.DodoTestApp;
				PRODUCT_NAME = "$(TARGET_NAME)";
				SWIFT_VERSION = 5.0;
				TARGETED_DEVICE_FAMILY = "1,2";
			};
			name = Debug;
		};
		633A07FC25F13130001CFFFF /* Release */ = {
			isa = XCBuildConfiguration;
			baseConfigurationReference = 26BCEEFD4767C3E8EC328A93 /* Pods-DodoTestApp.release.xcconfig */;
			buildSettings = {
				ASSETCATALOG_COMPILER_APPICON_NAME = AppIcon;
				ASSETCATALOG_COMPILER_GLOBAL_ACCENT_COLOR_NAME = AccentColor;
				CODE_SIGN_STYLE = Automatic;
				DEVELOPMENT_TEAM = 5AN79CFNZ7;
				INFOPLIST_FILE = DodoTestApp/Info.plist;
				LD_RUNPATH_SEARCH_PATHS = (
					"$(inherited)",
					"@executable_path/Frameworks",
				);
				PRODUCT_BUNDLE_IDENTIFIER = kirill.DodoTestApp;
				PRODUCT_NAME = "$(TARGET_NAME)";
				SWIFT_VERSION = 5.0;
				TARGETED_DEVICE_FAMILY = "1,2";
			};
			name = Release;
		};
/* End XCBuildConfiguration section */

/* Begin XCConfigurationList section */
		633A07DE25F1312F001CFFFF /* Build configuration list for PBXProject "DodoTestApp" */ = {
			isa = XCConfigurationList;
			buildConfigurations = (
				633A07F825F13130001CFFFF /* Debug */,
				633A07F925F13130001CFFFF /* Release */,
			);
			defaultConfigurationIsVisible = 0;
			defaultConfigurationName = Release;
		};
		633A07FA25F13130001CFFFF /* Build configuration list for PBXNativeTarget "DodoTestApp" */ = {
			isa = XCConfigurationList;
			buildConfigurations = (
				633A07FB25F13130001CFFFF /* Debug */,
				633A07FC25F13130001CFFFF /* Release */,
			);
			defaultConfigurationIsVisible = 0;
			defaultConfigurationName = Release;
		};
/* End XCConfigurationList section */

/* Begin XCVersionGroup section */
		633A07EF25F1312F001CFFFF /* DodoTestApp.xcdatamodeld */ = {
			isa = XCVersionGroup;
			children = (
				633A07F025F1312F001CFFFF /* DodoTestApp.xcdatamodel */,
			);
			currentVersion = 633A07F025F1312F001CFFFF /* DodoTestApp.xcdatamodel */;
			path = DodoTestApp.xcdatamodeld;
			sourceTree = "<group>";
			versionGroupType = wrapper.xcdatamodel;
		};
/* End XCVersionGroup section */
	};
	rootObject = 633A07DB25F1312F001CFFFF /* Project object */;
}
